schema: '2.0'
stages:
  data_collection:
    cmd: python src/data/data_collection.py
    deps:
    - path: src/data/data_collection.py
      hash: md5
      md5: bb80ff3764181e9debb61dc2d0088ea9
      size: 2019
    params:
      params.yaml:
        data_collection.test_size: 0.2
    outs:
    - path: data/raw
      hash: md5
      md5: c0c2d65c14a603e91e029fda3c344a5c.dir
      size: 522262
      nfiles: 2
  pre_processing:
    cmd: python src/data/data_prep.py
    deps:
    - path: data/raw
      hash: md5
      md5: c0c2d65c14a603e91e029fda3c344a5c.dir
      size: 522262
      nfiles: 2
    - path: src/data/data_prep.py
      hash: md5
      md5: 1cb2ad339785dd5d1bc14c8efaa005c4
      size: 1868
    outs:
    - path: data/processed
      hash: md5
      md5: 50cb8001cd56bb2743fd3102227ab870.dir
      size: 546137
      nfiles: 2
  model_building:
    cmd: python src/model/model_building.py
    deps:
    - path: data/processed
      hash: md5
      md5: 50cb8001cd56bb2743fd3102227ab870.dir
      size: 546137
      nfiles: 2
    - path: src/model/model_building.py
      hash: md5
      md5: 277e37e0995645fdd35928774299299f
      size: 2030
    params:
      params.yaml:
        model_building.n_estimators: 1000
    outs:
    - path: models/model.pkl
      hash: md5
      md5: e9bc198f92734de2eb341f28fa150621
      size: 73751747
  model_evaluation:
    cmd: python src/model/model_eval.py
    deps:
    - path: models/model.pkl
      hash: md5
      md5: e9bc198f92734de2eb341f28fa150621
      size: 73751747
    - path: src/model/model_eval.py
      hash: md5
      md5: b03df2dbfd830151763492859e8aa19b
      size: 2448
    outs:
    - path: reports/metrics.json
      hash: md5
      md5: e79f712a6ed46e312f2ca352c0ba9f59
      size: 138
